{
  "version": 4,
  "terraform_version": "1.3.4",
  "serial": 639,
  "lineage": "650eab61-d622-e42e-7c33-4cd2b12cb1d5",
  "outputs": {},
  "resources": [
    {
      "mode": "managed",
      "type": "aws_vpc",
      "name": "vinoth-test",
      "provider": "provider[\"registry.terraform.io/hashicorp/aws\"]",
      "instances": [
        {
          "schema_version": 1,
          "attributes": {
            "arn": "arn:aws:ec2:ap-south-1:444913803583:vpc/vpc-05c4335090998cedb",
            "assign_generated_ipv6_cidr_block": false,
            "cidr_block": "10.0.0.0/16",
            "default_network_acl_id": "acl-030770f433b81b11f",
            "default_route_table_id": "rtb-0102aa4021e64afcd",
            "default_security_group_id": "sg-0ce99d2b78218cc3c",
            "dhcp_options_id": "dopt-2e31d247",
            "enable_classiclink": false,
            "enable_classiclink_dns_support": false,
            "enable_dns_hostnames": false,
            "enable_dns_support": true,
            "enable_network_address_usage_metrics": false,
            "id": "vpc-05c4335090998cedb",
            "instance_tenancy": "default",
            "ipv4_ipam_pool_id": null,
            "ipv4_netmask_length": null,
            "ipv6_association_id": "",
            "ipv6_cidr_block": "",
            "ipv6_cidr_block_network_border_group": "",
            "ipv6_ipam_pool_id": "",
            "ipv6_netmask_length": 0,
            "main_route_table_id": "rtb-0102aa4021e64afcd",
            "owner_id": "444913803583",
            "tags": {
              "Name": "vinoth-vpc"
            },
            "tags_all": {
              "Name": "vinoth-vpc"
            }
          },
          "sensitive_attributes": [],
          "private": "eyJzY2hlbWFfdmVyc2lvbiI6IjEifQ=="
        }
      ]
    }
  ],
  "check_results": null
}
